
Microsoft Visual Studio Solution File, Format Version 12.00
# Visual Studio Version 17
VisualStudioVersion = 17.7.34024.191
MinimumVisualStudioVersion = 10.0.40219.1
Project("{FAE04EC0-301F-11D3-BF4B-00C04F79EFBC}") = "Super Mega Ultra Calculator 1337", "Super Mega Ultra Calculator 1337\Super Mega Ultra Calculator 1337.csproj", "{DA56D983-5E63-4559-8DCA-C831A945CBF1}"
EndProject
Global
	GlobalSection(SolutionConfigurationPlatforms) = preSolution
		Debug|Any CPU = Debug|Any CPU
		Release|Any CPU = Release|Any CPU
	EndGlobalSection
	GlobalSection(ProjectConfigurationPlatforms) = postSolution
		{DA56D983-5E63-4559-8DCA-C831A945CBF1}.Debug|Any CPU.ActiveCfg = Debug|Any CPU
		{DA56D983-5E63-4559-8DCA-C831A945CBF1}.Debug|Any CPU.Build.0 = Debug|Any CPU
		{DA56D983-5E63-4559-8DCA-C831A945CBF1}.Release|Any CPU.ActiveCfg = Release|Any CPU
		{DA56D983-5E63-4559-8DCA-C831A945CBF1}.Release|Any CPU.Build.0 = Release|Any CPU
	EndGlobalSection
	GlobalSection(SolutionProperties) = preSolution
		HideSolutionNode = FALSE
	EndGlobalSection
	GlobalSection(ExtensibilityGlobals) = postSolution
		SolutionGuid = {4F3C1F4A-0F12-4892-A8A5-9338ED1B306F}
	EndGlobalSection
EndGlobal
